
Microsoft Visual Studio Solution File, Format Version 12.00
# Visual Studio Version 17
VisualStudioVersion = 17.4.33403.182
MinimumVisualStudioVersion = 10.0.40219.1
Project("{FAE04EC0-301F-11D3-BF4B-00C04F79EFBC}") = "SiteMVC", "SiteMVC\SiteMVC.csproj", "{2E6DD689-150C-45E8-A0E3-E7D9C95E7535}"
EndProject
Global
	GlobalSection(SolutionConfigurationPlatforms) = preSolution
		Debug|Any CPU = Debug|Any CPU
		Release|Any CPU = Release|Any CPU
	EndGlobalSection
	GlobalSection(ProjectConfigurationPlatforms) = postSolution
		{2E6DD689-150C-45E8-A0E3-E7D9C95E7535}.Debug|Any CPU.ActiveCfg = Debug|Any CPU
		{2E6DD689-150C-45E8-A0E3-E7D9C95E7535}.Debug|Any CPU.Build.0 = Debug|Any CPU
		{2E6DD689-150C-45E8-A0E3-E7D9C95E7535}.Release|Any CPU.ActiveCfg = Release|Any CPU
		{2E6DD689-150C-45E8-A0E3-E7D9C95E7535}.Release|Any CPU.Build.0 = Release|Any CPU
	EndGlobalSection
	GlobalSection(SolutionProperties) = preSolution
		HideSolutionNode = FALSE
	EndGlobalSection
	GlobalSection(ExtensibilityGlobals) = postSolution
		SolutionGuid = {6D804AC2-45E2-47AC-A3A4-24D23485F5B5}
	EndGlobalSection
EndGlobal
